
Microsoft Visual Studio Solution File, Format Version 12.00
# Visual Studio Version 17
VisualStudioVersion = 17.11.35312.102
MinimumVisualStudioVersion = 10.0.40219.1
Project("{FAE04EC0-301F-11D3-BF4B-00C04F79EFBC}") = "WAV_Player", "WAV_Player\WAV_Player.csproj", "{751A99A1-06EC-4C34-8DEA-F3B0E77DEFAF}"
EndProject
Global
	GlobalSection(SolutionConfigurationPlatforms) = preSolution
		Debug|Any CPU = Debug|Any CPU
		Release|Any CPU = Release|Any CPU
	EndGlobalSection
	GlobalSection(ProjectConfigurationPlatforms) = postSolution
		{751A99A1-06EC-4C34-8DEA-F3B0E77DEFAF}.Debug|Any CPU.ActiveCfg = Debug|Any CPU
		{751A99A1-06EC-4C34-8DEA-F3B0E77DEFAF}.Debug|Any CPU.Build.0 = Debug|Any CPU
		{751A99A1-06EC-4C34-8DEA-F3B0E77DEFAF}.Release|Any CPU.ActiveCfg = Release|Any CPU
		{751A99A1-06EC-4C34-8DEA-F3B0E77DEFAF}.Release|Any CPU.Build.0 = Release|Any CPU
	EndGlobalSection
	GlobalSection(SolutionProperties) = preSolution
		HideSolutionNode = FALSE
	EndGlobalSection
	GlobalSection(ExtensibilityGlobals) = postSolution
		SolutionGuid = {8F9A350D-474B-4D57-83A4-1345DC2494A9}
	EndGlobalSection
EndGlobal
